
Microsoft Visual Studio Solution File, Format Version 12.00
# Visual Studio Version 17
VisualStudioVersion = 17.5.33627.172
MinimumVisualStudioVersion = 10.0.40219.1
Project("{FAE04EC0-301F-11D3-BF4B-00C04F79EFBC}") = "ProjectFactoryMethod", "ProjectFactoryMethod\ProjectFactoryMethod.csproj", "{CA71EBC7-5AFF-4C9B-83D3-5D50340E63E7}"
EndProject
Project("{FAE04EC0-301F-11D3-BF4B-00C04F79EFBC}") = "Tools", "Tools\Tools.csproj", "{3EDCD5D6-9692-4785-A266-AA6AF2411F23}"
EndProject
Global
	GlobalSection(SolutionConfigurationPlatforms) = preSolution
		Debug|Any CPU = Debug|Any CPU
		Release|Any CPU = Release|Any CPU
	EndGlobalSection
	GlobalSection(ProjectConfigurationPlatforms) = postSolution
		{CA71EBC7-5AFF-4C9B-83D3-5D50340E63E7}.Debug|Any CPU.ActiveCfg = Debug|Any CPU
		{CA71EBC7-5AFF-4C9B-83D3-5D50340E63E7}.Debug|Any CPU.Build.0 = Debug|Any CPU
		{CA71EBC7-5AFF-4C9B-83D3-5D50340E63E7}.Release|Any CPU.ActiveCfg = Release|Any CPU
		{CA71EBC7-5AFF-4C9B-83D3-5D50340E63E7}.Release|Any CPU.Build.0 = Release|Any CPU
		{3EDCD5D6-9692-4785-A266-AA6AF2411F23}.Debug|Any CPU.ActiveCfg = Debug|Any CPU
		{3EDCD5D6-9692-4785-A266-AA6AF2411F23}.Debug|Any CPU.Build.0 = Debug|Any CPU
		{3EDCD5D6-9692-4785-A266-AA6AF2411F23}.Release|Any CPU.ActiveCfg = Release|Any CPU
		{3EDCD5D6-9692-4785-A266-AA6AF2411F23}.Release|Any CPU.Build.0 = Release|Any CPU
	EndGlobalSection
	GlobalSection(SolutionProperties) = preSolution
		HideSolutionNode = FALSE
	EndGlobalSection
	GlobalSection(ExtensibilityGlobals) = postSolution
		SolutionGuid = {84C4F744-4E91-43BB-8DA7-A47B08E5C2DA}
	EndGlobalSection
EndGlobal
